
Microsoft Visual Studio Solution File, Format Version 12.00
# Visual Studio 15
VisualStudioVersion = 15.0.27004.2005
MinimumVisualStudioVersion = 10.0.40219.1
Project("{FAE04EC0-301F-11D3-BF4B-00C04F79EFBC}") = "ArraysPracticeProgram1", "ArraysPracticeProgram1\ArraysPracticeProgram1.csproj", "{91A0A893-A851-47A5-AAE3-420D64C6903E}"
EndProject
Global
	GlobalSection(SolutionConfigurationPlatforms) = preSolution
		Debug|Any CPU = Debug|Any CPU
		Release|Any CPU = Release|Any CPU
	EndGlobalSection
	GlobalSection(ProjectConfigurationPlatforms) = postSolution
		{91A0A893-A851-47A5-AAE3-420D64C6903E}.Debug|Any CPU.ActiveCfg = Debug|Any CPU
		{91A0A893-A851-47A5-AAE3-420D64C6903E}.Debug|Any CPU.Build.0 = Debug|Any CPU
		{91A0A893-A851-47A5-AAE3-420D64C6903E}.Release|Any CPU.ActiveCfg = Release|Any CPU
		{91A0A893-A851-47A5-AAE3-420D64C6903E}.Release|Any CPU.Build.0 = Release|Any CPU
	EndGlobalSection
	GlobalSection(SolutionProperties) = preSolution
		HideSolutionNode = FALSE
	EndGlobalSection
	GlobalSection(ExtensibilityGlobals) = postSolution
		SolutionGuid = {2BD1B291-8AA4-4569-A38F-6A9CA894B40B}
	EndGlobalSection
EndGlobal
